
Microsoft Visual Studio Solution File, Format Version 12.00
# Visual Studio 2013
VisualStudioVersion = 12.0.30723.0
MinimumVisualStudioVersion = 10.0.40219.1
Project("{FAE04EC0-301F-11D3-BF4B-00C04F79EFBC}") = "SpecflowTrainingPages", "SpecflowTraining\SpecflowTrainingPages.csproj", "{3225BA05-E5F1-49AD-AB2B-5F5B65FEA760}"
EndProject
Project("{FAE04EC0-301F-11D3-BF4B-00C04F79EFBC}") = "SpecflowTrainingSpecs", "SpecflowTrainingSpecs\SpecflowTrainingSpecs.csproj", "{3BD652A7-8CDA-4ACA-A7B9-C4CF8622F298}"
EndProject
Project("{2150E333-8FDC-42A3-9474-1A3956D46DE8}") = ".nuget", ".nuget", "{6B16F745-1409-4CE1-AA04-C44B31377A1D}"
	ProjectSection(SolutionItems) = preProject
		.nuget\packages.config = .nuget\packages.config
	EndProjectSection
EndProject
Global
	GlobalSection(SolutionConfigurationPlatforms) = preSolution
		Debug|Any CPU = Debug|Any CPU
		Release|Any CPU = Release|Any CPU
	EndGlobalSection
	GlobalSection(ProjectConfigurationPlatforms) = postSolution
		{3225BA05-E5F1-49AD-AB2B-5F5B65FEA760}.Debug|Any CPU.ActiveCfg = Debug|Any CPU
		{3225BA05-E5F1-49AD-AB2B-5F5B65FEA760}.Debug|Any CPU.Build.0 = Debug|Any CPU
		{3225BA05-E5F1-49AD-AB2B-5F5B65FEA760}.Release|Any CPU.ActiveCfg = Release|Any CPU
		{3225BA05-E5F1-49AD-AB2B-5F5B65FEA760}.Release|Any CPU.Build.0 = Release|Any CPU
		{3BD652A7-8CDA-4ACA-A7B9-C4CF8622F298}.Debug|Any CPU.ActiveCfg = Debug|Any CPU
		{3BD652A7-8CDA-4ACA-A7B9-C4CF8622F298}.Debug|Any CPU.Build.0 = Debug|Any CPU
		{3BD652A7-8CDA-4ACA-A7B9-C4CF8622F298}.Release|Any CPU.ActiveCfg = Release|Any CPU
		{3BD652A7-8CDA-4ACA-A7B9-C4CF8622F298}.Release|Any CPU.Build.0 = Release|Any CPU
	EndGlobalSection
	GlobalSection(SolutionProperties) = preSolution
		HideSolutionNode = FALSE
	EndGlobalSection
EndGlobal
